{
    "_meta": {
        "hash": {
            "sha256": "9136c8f4ff35410029d8df85d443e94095f411ba88c5ef7a5d9bebc762011b34"
        },
        "pipfile-spec": 6,
        "requires": {
            "python_version": "2.7"
        },
        "sources": [
            {
                "name": "pypi",
                "url": "https://pypi.org/simple",
                "verify_ssl": true
            }
        ]
    },
    "default": {
        "certifi": {
            "hashes": [
                "sha256:78884e7c1d4b00ce3cea67b44566851c4343c120abd683433ce934a68ea58872",
                "sha256:d62a0163eb4c2344ac042ab2bdf75399a71a2d8c7d47eac2e2ee91b9d6339569"
            ],
            "version": "==2021.10.8"
        },
        "chardet": {
            "hashes": [
                "sha256:0d6f53a15db4120f2b08c94f11e7d93d2c911ee118b6b30a04ec3ee8310179fa",
                "sha256:f864054d66fd9118f2e67044ac8981a54775ec5b67aed0441892edb553d21da5"
            ],
            "markers": "python_version < '3'",
            "version": "==4.0.0"
        },
        "click": {
            "hashes": [
                "sha256:d2b5255c7c6349bc1bd1e59e08cd12acbbd63ce649f2588755783aa94dfb6b1a",
                "sha256:dacca89f4bfadd5de3d7489b7c8a566eee0d3676333fbb50030263894c38c0dc"
            ],
            "markers": "python_version >= '2.7' and python_version not in '3.0, 3.1, 3.2, 3.3, 3.4'",
            "version": "==7.1.2"
        },
        "decorator": {
            "hashes": [
                "sha256:41fa54c2a0cc4ba648be4fd43cff00aedf5b9465c9bf18d64325bc225f08f760",
                "sha256:e3a62f0520172440ca0dcc823749319382e377f37f140a0b99ef45fecb84bfe7"
            ],
            "version": "==4.4.2"
        },
        "ephem": {
            "hashes": [
                "sha256:024752ae7074c660630046929e12650cc6e72e1c11b7554ccefbe16f8ce3c48d",
                "sha256:0493ad1b3d2505acbf442e31aadb86fba096ba30008a586fe6361a9de5974ed3",
                "sha256:11be09d245e77457e87988a4fdc811bdc6c5f1daaa73fb24289b220db720831d",
                "sha256:158bf9fb2b58cb77c606687c9ad35dc82903ed00617a12c93dd2d89a65d6374d",
                "sha256:171fc5e7c4e9523f900dfd5ab6520bceb260a2b59fcb558d9aec17fd562b6251",
                "sha256:1cceea883856817f3ea3f73442e3be3a4a56558cdb77cc85d02db4429ce5ab16",
                "sha256:1e429f6e0e05e4c8c54802e951cd1bde440dd6f896c2b5691ef5ebd9bc3ba489",
                "sha256:23e1432f021c69b2965c87a693ffd25caf08416e92bcb0fed91425083a374210",
                "sha256:24b7e90c731e851a56ab5e9d538915faaa54945e9b5211cfdf04e570fc27c529",
                "sha256:3442fba6afae0bcb643c9b069765033b67d2c8fe4350f9beb4f2f5cfdaaa7442",
                "sha256:39c710d73449b1c495b58d803da881363a0cae4b728de9fa332f77bcb4686ac8",
                "sha256:3a29de7c737047cc2412edada9d03b761339d3560d7db471cd04f257e1e02f2f",
                "sha256:3b2677d3a5b42aedc578de10b0eecdba6a50731f159cb28f7ad38c5f62143494",
                "sha256:3bd7da534a542d937b10f3c643301dc9b8bc09f7a40350b32efc32910232da9e",
                "sha256:3c39fb62c240f57533ea618295e510c44e466e74f2f4a899fbaa04b166b62d04",
                "sha256:40067fc050c946c8d4c2d779805b61f063471a091e6124cbabcf61ac538011b2",
                "sha256:4039aa2f0b8c204283fc478551d8b29c9473137ad8a910a5ff60ae3be6593c7b",
                "sha256:41680b48aeae5b992371bf7ec1bc07457500ff4a6ea7d333793e945b97951de0",
                "sha256:4e737b49643a300fa15b788accc72802af93b49cd5d071e53111e08e3fba6570",
                "sha256:4e8ec4e29c7f04d6334215775a8c4dc77eae8ed698384530d9415a98500ed01c",
                "sha256:4f3650c27c3ab6b73e2de7fd8de10e1c0d73f4683c9c5fb2e7113722ec2c2b53",
                "sha256:5327fd48fc8ff966023a6f177813fc058bb2a496c70b53a79f85bf2eba3ca93d",
                "sha256:555d63d70e36e46e43b955c37cdb0f8b82ee2051c575960c4b01948be9f04e5e",
                "sha256:55d7fb5c34b2e453e01fa4ca7ee375b19b438c9401ae8c4099ae4a3a37656972",
                "sha256:56c448a83290dabd1df5865fbf9e39d17400abcef37cb36de90ea1a860c0a08e",
                "sha256:589a2235f49232b92ee0247923360a264086a57b2c39d4191348f95ba5ce0c3d",
                "sha256:5beaa0cb659951211aec33a7c132557a1a161dacf53f1b1493830489cfc68215",
                "sha256:649bd2c85f5fc450136dacc0416af7127a07c0b2ce84bfdc89c1bc78129216a3",
                "sha256:72078b49748318cbbbe1a49ab5dcd05e63c917151351175b590833e6163a1506",
                "sha256:73a59f0d2162d1624535c3c3b75f956556bdbb2055eaf554a7bef147d3f9c760",
                "sha256:7e2abe97aa2b091090012768b4d94793213cc01f0bf040dcc311a380ab08df69",
                "sha256:7f51a3bcd5f69c4070e8a6936e4a61019ad2d6b94bc8b5ca1e498dea0962a373",
                "sha256:80a73da8ec61f86e5a97f73311159e61279dabdfbd17c9d4e2791a25a836f9ce",
                "sha256:85809803e349bb4a0d56880067549abdc2b93fddf93ac3d55486040cbec1553f",
                "sha256:86d6dda3581e61f6bad5479e26bca9e560671852ac00a5a8ed10f722635ddf71",
                "sha256:8974799afb37f17ac71e16e479d0e315d74bea4bed2becaf21d1b9304299bbaf",
                "sha256:8979429643ac4e29a5496321c9c41a20cd7a6a530aee9865c7fab0008450ef28",
                "sha256:89f759ce8e3489d15b9f3796d210196085dcb84cacdf24b2ece791b029245544",
                "sha256:8e0bb8379fb6b709a3cbceb6a11a3dc0f25e5b16a6f009b48e09d6b95f896d9c",
                "sha256:8f9b27117e7a82f7f70db9cb23b5cc36d37b166a2f73c55e14d7225d0ab95afa",
                "sha256:93d8f8b4e6206d3401dbdb0cdabb0d15c59cf9c2a7ee7c586da8c7dbf1f2a136",
                "sha256:9aabc3cab5fb9440564dfdf79e39ee01d16554d7bfb8228cddfe9eada460dba9",
                "sha256:9bb21c0b117c9122c0141b0a71ee6fbbb087ed2aab4a7ab60f009e95e9f4a521",
                "sha256:a146db114cfc942d123a38c301a8b8ca7eef2e37d2c5a4bd59e4abc99123c083",
                "sha256:a21a11285904f43c3bc6909727d09109b8e38dc2e3cda662089601cb37b3d082",
                "sha256:a8d125d04800425a9d944109710687bbb3703e8f04ac3bc8445779bb0ad5dcc2",
                "sha256:a940cd4d8d7aed68efd3d6b717f393bbedf541d388ba11eb3ed56a9fc6cbb1ca",
                "sha256:aac0a0e41deb2a197cf67e800a3d0f4029139b9ce12bed148ffe994ec78593f9",
                "sha256:aad22e769bd35415cad8f2ef6d4d875190d9bdad4fed2842fd19dac6f1ccb9dd",
                "sha256:ab40ad7a5ccd66cad4161ca2295c04f01a74ec596c936c3af97a67733e2cd5bf",
                "sha256:b2ba977ad0402ac44fe66af6e1119632efe84b7d1255f8f6f94d7768d9487453",
                "sha256:bbd4727498928ece694ec1b33023f16b6d050d9952d4052129b24e08e04d67fd",
                "sha256:c8b79b47c7be0d64013fb5d97dd6bbfb9bf63ae07b2ec917be19d3b4cc5782b8",
                "sha256:d0403738f59aefe81ee5b0219cd909f2a05b03b7da465f9b233da57d3dea0de6",
                "sha256:d2c56238a1aec72a78ad7061f5c531df97a66ea0cca45204b6b8141c3bb1540e",
                "sha256:d343e9ca26f04a05b01fcaaf800224da5d15ad76902d7dc452c216e448293893",
                "sha256:d61f38f35c25049ca2b95aa4e12e952e5ef56b31eac4a9d6d4e24aacf9373101",
                "sha256:d6918b012365791b786ed0f30e8ea3941cbc49486dcf6c28d151f119c62d5be8",
                "sha256:daf1a1280102e14c718d684989da34151697a426522f8ae18b1081e8bad705c9",
                "sha256:df9c482c8d25e69271311606b4de0e177e44ceb11781c7ebacf17cc5b391f832",
                "sha256:e3327218495235ec215ffe43253c0bf3fa982f59504b351c53b024f1c7b63752",
                "sha256:e3da3b76d5d5e339461059c3314013c152ef569c798bfd578bcfb504b875a837",
                "sha256:e731c3e2f1767fab14e5d4077a3519f70afd22cb7dd113274c2850f8ef8ff828",
                "sha256:f11edaef2e4a4d010e21b5ff8bcd9435fbc7fe9e16923f81143f248ae8ae8e9d",
                "sha256:f3e9ea626bc522fd4dd1ff795f0922fcb4c4eb57effe91b6284411166ddd1fd7",
                "sha256:feab5f68ae9fa622d6316790c9cfc399e8b78f7958a61da4edf2cb5e0e675d44",
                "sha256:fffe176bd94f4f61be5a54b54a966988cceb6ba69a6ed729aab166020fdb37c3"
            ],
            "version": "==4.1.4"
        },
        "flask": {
            "hashes": [
                "sha256:0fbeb6180d383a9186d0d6ed954e0042ad9f18e0e8de088b2b419d526927d196",
                "sha256:c34f04500f2cbbea882b1acb02002ad6fe6b7ffa64a6164577995657f50aed22"
            ],
            "index": "pypi",
            "version": "==1.1.4"
        },
        "future": {
            "hashes": [
                "sha256:34a17436ed1e96697a86f9de3d15a3b0be01d8bc8de9c1dffd59fb8234ed5307"
            ],
            "markers": "python_version >= '2.6' and python_version not in '3.0, 3.1, 3.2, 3.3'",
            "version": "==0.18.3"
        },
        "geocoder": {
            "hashes": [
                "sha256:a733e1dfbce3f4e1a526cac03aadcedb8ed1239cf55bd7f3a23c60075121a834",
                "sha256:c9925374c961577d0aee403b09e6f8ea1971d913f011f00ca70c76beaf7a77e7"
            ],
            "index": "pypi",
            "version": "==1.38.1"
        },
        "idna": {
            "hashes": [
                "sha256:b307872f855b18632ce0c21c5e45be78c0ea7ae4c15c828c20788b26921eb3f6",
                "sha256:b97d804b1e9b523befed77c48dacec60e6dcb0b5391d57af6a65a312a90648c0"
            ],
            "markers": "python_version < '3'",
            "version": "==2.10"
        },
        "itsdangerous": {
            "hashes": [
                "sha256:321b033d07f2a4136d3ec762eac9f16a10ccd60f53c0c91af90217ace7ba1f19",
                "sha256:b12271b2047cb23eeb98c8b5622e2e5c5e9abd9784a153e9d8ef9cb4dd09d749"
            ],
            "markers": "python_version >= '2.7' and python_version not in '3.0, 3.1, 3.2, 3.3'",
            "version": "==1.1.0"
        },
        "jinja2": {
            "hashes": [
                "sha256:03e47ad063331dd6a3f04a43eddca8a966a26ba0c5b7207a9a9e4e08f1b29419",
                "sha256:a6d58433de0ae800347cab1fa3043cebbabe8baa9d29e668f1c768cb87a333c6"
            ],
            "markers": "python_version >= '2.7' and python_version not in '3.0, 3.1, 3.2, 3.3, 3.4'",
            "version": "==2.11.3"
        },
        "markupsafe": {
            "hashes": [
                "sha256:00bc623926325b26bb9605ae9eae8a215691f33cae5df11ca5424f06f2d1f473",
                "sha256:09027a7803a62ca78792ad89403b1b7a73a01c8cb65909cd876f7fcebd79b161",
                "sha256:09c4b7f37d6c648cb13f9230d847adf22f8171b1ccc4d5682398e77f40309235",
                "sha256:1027c282dad077d0bae18be6794e6b6b8c91d58ed8a8d89a89d59693b9131db5",
                "sha256:13d3144e1e340870b25e7b10b98d779608c02016d5184cfb9927a9f10c689f42",
                "sha256:195d7d2c4fbb0ee8139a6cf67194f3973a6b3042d742ebe0a9ed36d8b6f0c07f",
                "sha256:22c178a091fc6630d0d045bdb5992d2dfe14e3259760e713c490da5323866c39",
                "sha256:24982cc2533820871eba85ba648cd53d8623687ff11cbb805be4ff7b4c971aff",
                "sha256:29872e92839765e546828bb7754a68c418d927cd064fd4708fab9fe9c8bb116b",
                "sha256:2beec1e0de6924ea551859edb9e7679da6e4870d32cb766240ce17e0a0ba2014",
                "sha256:3b8a6499709d29c2e2399569d96719a1b21dcd94410a586a18526b143ec8470f",
                "sha256:43a55c2930bbc139570ac2452adf3d70cdbb3cfe5912c71cdce1c2c6bbd9c5d1",
                "sha256:46c99d2de99945ec5cb54f23c8cd5689f6d7177305ebff350a58ce5f8de1669e",
                "sha256:500d4957e52ddc3351cabf489e79c91c17f6e0899158447047588650b5e69183",
                "sha256:535f6fc4d397c1563d08b88e485c3496cf5784e927af890fb3c3aac7f933ec66",
                "sha256:596510de112c685489095da617b5bcbbac7dd6384aeebeda4df6025d0256a81b",
                "sha256:62fe6c95e3ec8a7fad637b7f3d372c15ec1caa01ab47926cfdf7a75b40e0eac1",
                "sha256:6788b695d50a51edb699cb55e35487e430fa21f1ed838122d722e0ff0ac5ba15",
                "sha256:6dd73240d2af64df90aa7c4e7481e23825ea70af4b4922f8ede5b9e35f78a3b1",
                "sha256:6f1e273a344928347c1290119b493a1f0303c52f5a5eae5f16d74f48c15d4a85",
                "sha256:6fffc775d90dcc9aed1b89219549b329a9250d918fd0b8fa8d93d154918422e1",
                "sha256:717ba8fe3ae9cc0006d7c451f0bb265ee07739daf76355d06366154ee68d221e",
                "sha256:79855e1c5b8da654cf486b830bd42c06e8780cea587384cf6545b7d9ac013a0b",
                "sha256:7c1699dfe0cf8ff607dbdcc1e9b9af1755371f92a68f706051cc8c37d447c905",
                "sha256:7fed13866cf14bba33e7176717346713881f56d9d2bcebab207f7a036f41b850",
                "sha256:84dee80c15f1b560d55bcfe6d47b27d070b4681c699c572af2e3c7cc90a3b8e0",
                "sha256:88e5fcfb52ee7b911e8bb6d6aa2fd21fbecc674eadd44118a9cc3863f938e735",
                "sha256:8defac2f2ccd6805ebf65f5eeb132adcf2ab57aa11fdf4c0dd5169a004710e7d",
                "sha256:98bae9582248d6cf62321dcb52aaf5d9adf0bad3b40582925ef7c7f0ed85fceb",
                "sha256:98c7086708b163d425c67c7a91bad6e466bb99d797aa64f965e9d25c12111a5e",
                "sha256:9add70b36c5666a2ed02b43b335fe19002ee5235efd4b8a89bfcf9005bebac0d",
                "sha256:9bf40443012702a1d2070043cb6291650a0841ece432556f784f004937f0f32c",
                "sha256:a6a744282b7718a2a62d2ed9d993cad6f5f585605ad352c11de459f4108df0a1",
                "sha256:acf08ac40292838b3cbbb06cfe9b2cb9ec78fce8baca31ddb87aaac2e2dc3bc2",
                "sha256:ade5e387d2ad0d7ebf59146cc00c8044acbd863725f887353a10df825fc8ae21",
                "sha256:b00c1de48212e4cc9603895652c5c410df699856a2853135b3967591e4beebc2",
                "sha256:b1282f8c00509d99fef04d8ba936b156d419be841854fe901d8ae224c59f0be5",
                "sha256:b1dba4527182c95a0db8b6060cc98ac49b9e2f5e64320e2b56e47cb2831978c7",
                "sha256:b2051432115498d3562c084a49bba65d97cf251f5a331c64a12ee7e04dacc51b",
                "sha256:b7d644ddb4dbd407d31ffb699f1d140bc35478da613b441c582aeb7c43838dd8",
                "sha256:ba59edeaa2fc6114428f1637ffff42da1e311e29382d81b339c1817d37ec93c6",
                "sha256:bf5aa3cbcfdf57fa2ee9cd1822c862ef23037f5c832ad09cfea57fa846dec193",
                "sha256:c8716a48d94b06bb3b2524c2b77e055fb313aeb4ea620c8dd03a105574ba704f",
                "sha256:caabedc8323f1e93231b52fc32bdcde6db817623d33e100708d9a68e1f53b26b",
                "sha256:cd5df75523866410809ca100dc9681e301e3c27567cf498077e8551b6d20e42f",
                "sha256:cdb132fc825c38e1aeec2c8aa9338310d29d337bebbd7baa06889d09a60a1fa2",
                "sha256:d53bc011414228441014aa71dbec320c66468c1030aae3a6e29778a3382d96e5",
                "sha256:d73a845f227b0bfe8a7455ee623525ee656a9e2e749e4742706d80a6065d5e2c",
                "sha256:d9be0ba6c527163cbed5e0857c451fcd092ce83947944d6c14bc95441203f032",
                "sha256:e249096428b3ae81b08327a63a485ad0878de3fb939049038579ac0ef61e17e7",
                "sha256:e8313f01ba26fbbe36c7be1966a7b7424942f670f38e666995b88d012765b9be",
                "sha256:feb7b34d6325451ef96bc0e36e1a6c0c1c64bc1fbec4b854f4529e51887b1621"
            ],
            "markers": "python_version >= '2.7' and python_version not in '3.0, 3.1, 3.2, 3.3'",
            "version": "==1.1.1"
        },
        "pyephem": {
            "hashes": [
                "sha256:70836d7eab7824ef1fcfe102b751d97800d4a0ff6836d2e594ddb1c11e608b1f"
            ],
            "index": "pypi",
            "version": "==9.99"
        },
        "ratelim": {
            "hashes": [
                "sha256:826d32177e11f9a12831901c9fda6679fd5bbea3605910820167088f5acbb11d",
                "sha256:e1a7dd39e6b552b7cc7f52169cd66cdb826a1a30198e355d7016012987c9ad08"
            ],
            "version": "==0.1.6"
        },
        "requests": {
            "hashes": [
                "sha256:68d7c56fd5a8999887728ef304a6d12edc7be74f1cfa47714fc8b414525c9a61",
                "sha256:f22fa1e554c9ddfd16e6e41ac79759e17be9e492b3587efa038054674760e72d"
            ],
            "markers": "python_version >= '2.7' and python_version not in '3.0, 3.1, 3.2, 3.3, 3.4, 3.5'",
            "version": "==2.27.1"
        },
        "six": {
            "hashes": [
                "sha256:1e61c37477a1626458e36f7b1d82aa5c9b094fa4802892072e49de9c60c4c926",
                "sha256:8abb2f1d86890a2dfb989f9a77cfcfd3e47c2a354b01111771326f8aa26e0254"
            ],
            "markers": "python_version >= '2.7' and python_version not in '3.0, 3.1, 3.2, 3.3'",
            "version": "==1.16.0"
        },
        "urllib3": {
            "hashes": [
                "sha256:8d36afa7616d8ab714608411b4a3b13e58f463aee519024578e062e141dce20f",
                "sha256:8f135f6502756bde6b2a9b28989df5fbe87c9970cecaa69041edcce7f0589b14"
            ],
            "markers": "python_version >= '2.7' and python_version not in '3.0, 3.1, 3.2, 3.3, 3.4, 3.5'",
            "version": "==1.26.16"
        },
        "werkzeug": {
            "hashes": [
                "sha256:2de2a5db0baeae7b2d2664949077c2ac63fbd16d98da0ff71837f7d1dea3fd43",
                "sha256:6c80b1e5ad3665290ea39320b91e1be1e0d5f60652b964a3070216de83d2e47c"
            ],
            "markers": "python_version >= '2.7' and python_version not in '3.0, 3.1, 3.2, 3.3, 3.4'",
            "version": "==1.0.1"
        }
    },
    "develop": {}
}
